
Microsoft Visual Studio Solution File, Format Version 12.00
# Visual Studio 15
VisualStudioVersion = 15.0.26403.7
MinimumVisualStudioVersion = 10.0.40219.1
Project("{FAE04EC0-301F-11D3-BF4B-00C04F79EFBC}") = "NYCshop", "NYCshop\NYCshop.csproj", "{0EDBA0BE-9B6C-4EA6-AFFB-C407480923FC}"
EndProject
Global
	GlobalSection(SolutionConfigurationPlatforms) = preSolution
		Debug|Any CPU = Debug|Any CPU
		Release|Any CPU = Release|Any CPU
	EndGlobalSection
	GlobalSection(ProjectConfigurationPlatforms) = postSolution
		{0EDBA0BE-9B6C-4EA6-AFFB-C407480923FC}.Debug|Any CPU.ActiveCfg = Debug|Any CPU
		{0EDBA0BE-9B6C-4EA6-AFFB-C407480923FC}.Debug|Any CPU.Build.0 = Debug|Any CPU
		{0EDBA0BE-9B6C-4EA6-AFFB-C407480923FC}.Release|Any CPU.ActiveCfg = Release|Any CPU
		{0EDBA0BE-9B6C-4EA6-AFFB-C407480923FC}.Release|Any CPU.Build.0 = Release|Any CPU
	EndGlobalSection
	GlobalSection(SolutionProperties) = preSolution
		HideSolutionNode = FALSE
	EndGlobalSection
	GlobalSection(ExtensibilityGlobals) = postSolution
		SolutionGuid = {86FE7356-EE04-4E8F-8F73-C4FD350E0875}
	EndGlobalSection
EndGlobal
